
Microsoft Visual Studio Solution File, Format Version 12.00
# Visual Studio Version 16
VisualStudioVersion = 16.0.30011.22
MinimumVisualStudioVersion = 10.0.40219.1
Project("{FAE04EC0-301F-11D3-BF4B-00C04F79EFBC}") = "AliceHook", "AliceHook\AliceHook.csproj", "{8F21C5B7-F3CE-4635-84E0-E4BC9492F8BF}"
EndProject
Global
	GlobalSection(SolutionConfigurationPlatforms) = preSolution
		Debug|Any CPU = Debug|Any CPU
		Release|Any CPU = Release|Any CPU
	EndGlobalSection
	GlobalSection(ProjectConfigurationPlatforms) = postSolution
		{8F21C5B7-F3CE-4635-84E0-E4BC9492F8BF}.Debug|Any CPU.ActiveCfg = Debug|Any CPU
		{8F21C5B7-F3CE-4635-84E0-E4BC9492F8BF}.Debug|Any CPU.Build.0 = Debug|Any CPU
		{8F21C5B7-F3CE-4635-84E0-E4BC9492F8BF}.Release|Any CPU.ActiveCfg = Release|Any CPU
		{8F21C5B7-F3CE-4635-84E0-E4BC9492F8BF}.Release|Any CPU.Build.0 = Release|Any CPU
	EndGlobalSection
	GlobalSection(SolutionProperties) = preSolution
		HideSolutionNode = FALSE
	EndGlobalSection
	GlobalSection(ExtensibilityGlobals) = postSolution
		SolutionGuid = {38326D74-D35F-4CB6-8CFF-C01FF6EDC3D3}
	EndGlobalSection
EndGlobal
